// !$*UTF8*$!
{
	archiveVersion = 1;
	classes = {
	};
	objectVersion = 50;
	objects = {

/* Begin PBXBuildFile section */
		51BF5A2C218F1873008E16E1 /* Soqqle+Extensions.swift in Sources */ = {isa = PBXBuildFile; fileRef = 51BF5A2B218F1873008E16E1 /* Soqqle+Extensions.swift */; };
		51E2D1D7218DCA5C00F3C7EB /* AppDelegate.swift in Sources */ = {isa = PBXBuildFile; fileRef = 51E2D1D6218DCA5C00F3C7EB /* AppDelegate.swift */; };
		51E2D1D9218DCA5C00F3C7EB /* ViewController.swift in Sources */ = {isa = PBXBuildFile; fileRef = 51E2D1D8218DCA5C00F3C7EB /* ViewController.swift */; };
		51E2D1DC218DCA5C00F3C7EB /* Main.storyboard in Resources */ = {isa = PBXBuildFile; fileRef = 51E2D1DA218DCA5C00F3C7EB /* Main.storyboard */; };
		51E2D1DE218DCA5E00F3C7EB /* Assets.xcassets in Resources */ = {isa = PBXBuildFile; fileRef = 51E2D1DD218DCA5E00F3C7EB /* Assets.xcassets */; };
		51E2D1E1218DCA5E00F3C7EB /* LaunchScreen.storyboard in Resources */ = {isa = PBXBuildFile; fileRef = 51E2D1DF218DCA5E00F3C7EB /* LaunchScreen.storyboard */; };
		51E2D1EC218DCA5F00F3C7EB /* SoqqleTests.swift in Sources */ = {isa = PBXBuildFile; fileRef = 51E2D1EB218DCA5F00F3C7EB /* SoqqleTests.swift */; };
		51E2D1F7218DCA5F00F3C7EB /* SoqqleUITests.swift in Sources */ = {isa = PBXBuildFile; fileRef = 51E2D1F6218DCA5F00F3C7EB /* SoqqleUITests.swift */; };
		51E2D209218DE96700F3C7EB /* iCarousel.m in Sources */ = {isa = PBXBuildFile; fileRef = 51E2D207218DE96700F3C7EB /* iCarousel.m */; };
		51E2D211218DEEF600F3C7EB /* CarouselModalVW.swift in Sources */ = {isa = PBXBuildFile; fileRef = 51E2D210218DEEF600F3C7EB /* CarouselModalVW.swift */; };
		51E2D213218DEF0000F3C7EB /* CarouselModalVW.xib in Resources */ = {isa = PBXBuildFile; fileRef = 51E2D212218DEF0000F3C7EB /* CarouselModalVW.xib */; };
		51E2D216218DF37900F3C7EB /* TCellChooseHero.swift in Sources */ = {isa = PBXBuildFile; fileRef = 51E2D215218DF37900F3C7EB /* TCellChooseHero.swift */; };
		51E2D218218DF38D00F3C7EB /* DashBoardVC.swift in Sources */ = {isa = PBXBuildFile; fileRef = 51E2D217218DF38D00F3C7EB /* DashBoardVC.swift */; };
		51E2D21A218DF39A00F3C7EB /* LoginVC.swift in Sources */ = {isa = PBXBuildFile; fileRef = 51E2D219218DF39A00F3C7EB /* LoginVC.swift */; };
		51E2D21C218DF3C600F3C7EB /* TabBarVC.swift in Sources */ = {isa = PBXBuildFile; fileRef = 51E2D21B218DF3C600F3C7EB /* TabBarVC.swift */; };
		51E2D21E218E201F00F3C7EB /* Theme.plist in Resources */ = {isa = PBXBuildFile; fileRef = 51E2D21D218E201F00F3C7EB /* Theme.plist */; };
		51E2D220218E28F300F3C7EB /* AppTheme.swift in Sources */ = {isa = PBXBuildFile; fileRef = 51E2D21F218E28F300F3C7EB /* AppTheme.swift */; };
		51E2D222218E29BF00F3C7EB /* Constants.swift in Sources */ = {isa = PBXBuildFile; fileRef = 51E2D221218E29BE00F3C7EB /* Constants.swift */; };
		51E2D22E218EF24600F3C7EB /* OpenSans-SemiboldItalic.ttf in Resources */ = {isa = PBXBuildFile; fileRef = 51E2D224218EF24100F3C7EB /* OpenSans-SemiboldItalic.ttf */; };
		51E2D22F218EF24600F3C7EB /* OpenSans-Regular.ttf in Resources */ = {isa = PBXBuildFile; fileRef = 51E2D225218EF24100F3C7EB /* OpenSans-Regular.ttf */; };
		51E2D230218EF24600F3C7EB /* OpenSans-ExtraBold.ttf in Resources */ = {isa = PBXBuildFile; fileRef = 51E2D226218EF24200F3C7EB /* OpenSans-ExtraBold.ttf */; };
		51E2D231218EF24600F3C7EB /* OpenSans-BoldItalic.ttf in Resources */ = {isa = PBXBuildFile; fileRef = 51E2D227218EF24200F3C7EB /* OpenSans-BoldItalic.ttf */; };
		51E2D232218EF24600F3C7EB /* OpenSans-Bold.ttf in Resources */ = {isa = PBXBuildFile; fileRef = 51E2D228218EF24200F3C7EB /* OpenSans-Bold.ttf */; };
		51E2D233218EF24600F3C7EB /* OpenSans-LightItalic.ttf in Resources */ = {isa = PBXBuildFile; fileRef = 51E2D229218EF24300F3C7EB /* OpenSans-LightItalic.ttf */; };
		51E2D234218EF24600F3C7EB /* OpenSans-Semibold.ttf in Resources */ = {isa = PBXBuildFile; fileRef = 51E2D22A218EF24300F3C7EB /* OpenSans-Semibold.ttf */; };
		51E2D235218EF24600F3C7EB /* OpenSans-ExtraBoldItalic.ttf in Resources */ = {isa = PBXBuildFile; fileRef = 51E2D22B218EF24400F3C7EB /* OpenSans-ExtraBoldItalic.ttf */; };
		51E2D236218EF24600F3C7EB /* OpenSans-Italic.ttf in Resources */ = {isa = PBXBuildFile; fileRef = 51E2D22C218EF24400F3C7EB /* OpenSans-Italic.ttf */; };
		51E2D237218EF24600F3C7EB /* OpenSans-Light.ttf in Resources */ = {isa = PBXBuildFile; fileRef = 51E2D22D218EF24500F3C7EB /* OpenSans-Light.ttf */; };
		51E2D239218EF2CA00F3C7EB /* Unique.ttf in Resources */ = {isa = PBXBuildFile; fileRef = 51E2D238218EF2CA00F3C7EB /* Unique.ttf */; };
/* End PBXBuildFile section */

/* Begin PBXContainerItemProxy section */
		51E2D1E8218DCA5F00F3C7EB /* PBXContainerItemProxy */ = {
			isa = PBXContainerItemProxy;
			containerPortal = 51E2D1CB218DCA5C00F3C7EB /* Project object */;
			proxyType = 1;
			remoteGlobalIDString = 51E2D1D2218DCA5C00F3C7EB;
			remoteInfo = Soqqle;
		};
		51E2D1F3218DCA5F00F3C7EB /* PBXContainerItemProxy */ = {
			isa = PBXContainerItemProxy;
			containerPortal = 51E2D1CB218DCA5C00F3C7EB /* Project object */;
			proxyType = 1;
			remoteGlobalIDString = 51E2D1D2218DCA5C00F3C7EB;
			remoteInfo = Soqqle;
		};
/* End PBXContainerItemProxy section */

/* Begin PBXFileReference section */
		51BF5A2B218F1873008E16E1 /* Soqqle+Extensions.swift */ = {isa = PBXFileReference; lastKnownFileType = sourcecode.swift; path = "Soqqle+Extensions.swift"; sourceTree = "<group>"; };
		51E2D1D3218DCA5C00F3C7EB /* Soqqle.app */ = {isa = PBXFileReference; explicitFileType = wrapper.application; includeInIndex = 0; path = Soqqle.app; sourceTree = BUILT_PRODUCTS_DIR; };
		51E2D1D6218DCA5C00F3C7EB /* AppDelegate.swift */ = {isa = PBXFileReference; lastKnownFileType = sourcecode.swift; path = AppDelegate.swift; sourceTree = "<group>"; };
		51E2D1D8218DCA5C00F3C7EB /* ViewController.swift */ = {isa = PBXFileReference; lastKnownFileType = sourcecode.swift; path = ViewController.swift; sourceTree = "<group>"; };
		51E2D1DB218DCA5C00F3C7EB /* Base */ = {isa = PBXFileReference; lastKnownFileType = file.storyboard; name = Base; path = Base.lproj/Main.storyboard; sourceTree = "<group>"; };
		51E2D1DD218DCA5E00F3C7EB /* Assets.xcassets */ = {isa = PBXFileReference; lastKnownFileType = folder.assetcatalog; path = Assets.xcassets; sourceTree = "<group>"; };
		51E2D1E0218DCA5E00F3C7EB /* Base */ = {isa = PBXFileReference; lastKnownFileType = file.storyboard; name = Base; path = Base.lproj/LaunchScreen.storyboard; sourceTree = "<group>"; };
		51E2D1E2218DCA5E00F3C7EB /* Info.plist */ = {isa = PBXFileReference; lastKnownFileType = text.plist.xml; path = Info.plist; sourceTree = "<group>"; };
		51E2D1E7218DCA5F00F3C7EB /* SoqqleTests.xctest */ = {isa = PBXFileReference; explicitFileType = wrapper.cfbundle; includeInIndex = 0; path = SoqqleTests.xctest; sourceTree = BUILT_PRODUCTS_DIR; };
		51E2D1EB218DCA5F00F3C7EB /* SoqqleTests.swift */ = {isa = PBXFileReference; lastKnownFileType = sourcecode.swift; path = SoqqleTests.swift; sourceTree = "<group>"; };
		51E2D1ED218DCA5F00F3C7EB /* Info.plist */ = {isa = PBXFileReference; lastKnownFileType = text.plist.xml; path = Info.plist; sourceTree = "<group>"; };
		51E2D1F2218DCA5F00F3C7EB /* SoqqleUITests.xctest */ = {isa = PBXFileReference; explicitFileType = wrapper.cfbundle; includeInIndex = 0; path = SoqqleUITests.xctest; sourceTree = BUILT_PRODUCTS_DIR; };
		51E2D1F6218DCA5F00F3C7EB /* SoqqleUITests.swift */ = {isa = PBXFileReference; lastKnownFileType = sourcecode.swift; path = SoqqleUITests.swift; sourceTree = "<group>"; };
		51E2D1F8218DCA5F00F3C7EB /* Info.plist */ = {isa = PBXFileReference; lastKnownFileType = text.plist.xml; path = Info.plist; sourceTree = "<group>"; };
		51E2D207218DE96700F3C7EB /* iCarousel.m */ = {isa = PBXFileReference; fileEncoding = 4; lastKnownFileType = sourcecode.c.objc; path = iCarousel.m; sourceTree = "<group>"; };
		51E2D208218DE96700F3C7EB /* iCarousel.h */ = {isa = PBXFileReference; fileEncoding = 4; lastKnownFileType = sourcecode.c.h; path = iCarousel.h; sourceTree = "<group>"; };
		51E2D20C218DE9B300F3C7EB /* Soqqle-Bridging-Header.h */ = {isa = PBXFileReference; lastKnownFileType = sourcecode.c.h; path = "Soqqle-Bridging-Header.h"; sourceTree = "<group>"; };
		51E2D210218DEEF600F3C7EB /* CarouselModalVW.swift */ = {isa = PBXFileReference; lastKnownFileType = sourcecode.swift; path = CarouselModalVW.swift; sourceTree = "<group>"; };
		51E2D212218DEF0000F3C7EB /* CarouselModalVW.xib */ = {isa = PBXFileReference; lastKnownFileType = file.xib; path = CarouselModalVW.xib; sourceTree = "<group>"; };
		51E2D215218DF37900F3C7EB /* TCellChooseHero.swift */ = {isa = PBXFileReference; lastKnownFileType = sourcecode.swift; path = TCellChooseHero.swift; sourceTree = "<group>"; };
		51E2D217218DF38D00F3C7EB /* DashBoardVC.swift */ = {isa = PBXFileReference; lastKnownFileType = sourcecode.swift; path = DashBoardVC.swift; sourceTree = "<group>"; };
		51E2D219218DF39A00F3C7EB /* LoginVC.swift */ = {isa = PBXFileReference; lastKnownFileType = sourcecode.swift; path = LoginVC.swift; sourceTree = "<group>"; };
		51E2D21B218DF3C600F3C7EB /* TabBarVC.swift */ = {isa = PBXFileReference; lastKnownFileType = sourcecode.swift; path = TabBarVC.swift; sourceTree = "<group>"; };
		51E2D21D218E201F00F3C7EB /* Theme.plist */ = {isa = PBXFileReference; lastKnownFileType = text.plist.xml; path = Theme.plist; sourceTree = "<group>"; };
		51E2D21F218E28F300F3C7EB /* AppTheme.swift */ = {isa = PBXFileReference; lastKnownFileType = sourcecode.swift; path = AppTheme.swift; sourceTree = "<group>"; };
		51E2D221218E29BE00F3C7EB /* Constants.swift */ = {isa = PBXFileReference; lastKnownFileType = sourcecode.swift; path = Constants.swift; sourceTree = "<group>"; };
		51E2D224218EF24100F3C7EB /* OpenSans-SemiboldItalic.ttf */ = {isa = PBXFileReference; lastKnownFileType = file; path = "OpenSans-SemiboldItalic.ttf"; sourceTree = "<group>"; };
		51E2D225218EF24100F3C7EB /* OpenSans-Regular.ttf */ = {isa = PBXFileReference; lastKnownFileType = file; path = "OpenSans-Regular.ttf"; sourceTree = "<group>"; };
		51E2D226218EF24200F3C7EB /* OpenSans-ExtraBold.ttf */ = {isa = PBXFileReference; lastKnownFileType = file; path = "OpenSans-ExtraBold.ttf"; sourceTree = "<group>"; };
		51E2D227218EF24200F3C7EB /* OpenSans-BoldItalic.ttf */ = {isa = PBXFileReference; lastKnownFileType = file; path = "OpenSans-BoldItalic.ttf"; sourceTree = "<group>"; };
		51E2D228218EF24200F3C7EB /* OpenSans-Bold.ttf */ = {isa = PBXFileReference; lastKnownFileType = file; path = "OpenSans-Bold.ttf"; sourceTree = "<group>"; };
		51E2D229218EF24300F3C7EB /* OpenSans-LightItalic.ttf */ = {isa = PBXFileReference; lastKnownFileType = file; path = "OpenSans-LightItalic.ttf"; sourceTree = "<group>"; };
		51E2D22A218EF24300F3C7EB /* OpenSans-Semibold.ttf */ = {isa = PBXFileReference; lastKnownFileType = file; path = "OpenSans-Semibold.ttf"; sourceTree = "<group>"; };
		51E2D22B218EF24400F3C7EB /* OpenSans-ExtraBoldItalic.ttf */ = {isa = PBXFileReference; lastKnownFileType = file; path = "OpenSans-ExtraBoldItalic.ttf"; sourceTree = "<group>"; };
		51E2D22C218EF24400F3C7EB /* OpenSans-Italic.ttf */ = {isa = PBXFileReference; lastKnownFileType = file; path = "OpenSans-Italic.ttf"; sourceTree = "<group>"; };
		51E2D22D218EF24500F3C7EB /* OpenSans-Light.ttf */ = {isa = PBXFileReference; lastKnownFileType = file; path = "OpenSans-Light.ttf"; sourceTree = "<group>"; };
		51E2D238218EF2CA00F3C7EB /* Unique.ttf */ = {isa = PBXFileReference; lastKnownFileType = file; path = Unique.ttf; sourceTree = "<group>"; };
/* End PBXFileReference section */

/* Begin PBXFrameworksBuildPhase section */
		51E2D1D0218DCA5C00F3C7EB /* Frameworks */ = {
			isa = PBXFrameworksBuildPhase;
			buildActionMask = 2147483647;
			files = (
			);
			runOnlyForDeploymentPostprocessing = 0;
		};
		51E2D1E4218DCA5F00F3C7EB /* Frameworks */ = {
			isa = PBXFrameworksBuildPhase;
			buildActionMask = 2147483647;
			files = (
			);
			runOnlyForDeploymentPostprocessing = 0;
		};
		51E2D1EF218DCA5F00F3C7EB /* Frameworks */ = {
			isa = PBXFrameworksBuildPhase;
			buildActionMask = 2147483647;
			files = (
			);
			runOnlyForDeploymentPostprocessing = 0;
		};
/* End PBXFrameworksBuildPhase section */

/* Begin PBXGroup section */
		51E2D1CA218DCA5C00F3C7EB = {
			isa = PBXGroup;
			children = (
				51E2D1D5218DCA5C00F3C7EB /* Soqqle */,
				51E2D1EA218DCA5F00F3C7EB /* SoqqleTests */,
				51E2D1F5218DCA5F00F3C7EB /* SoqqleUITests */,
				51E2D1D4218DCA5C00F3C7EB /* Products */,
			);
			sourceTree = "<group>";
		};
		51E2D1D4218DCA5C00F3C7EB /* Products */ = {
			isa = PBXGroup;
			children = (
				51E2D1D3218DCA5C00F3C7EB /* Soqqle.app */,
				51E2D1E7218DCA5F00F3C7EB /* SoqqleTests.xctest */,
				51E2D1F2218DCA5F00F3C7EB /* SoqqleUITests.xctest */,
			);
			name = Products;
			sourceTree = "<group>";
		};
		51E2D1D5218DCA5C00F3C7EB /* Soqqle */ = {
			isa = PBXGroup;
			children = (
				51E2D1D6218DCA5C00F3C7EB /* AppDelegate.swift */,
				51E2D221218E29BE00F3C7EB /* Constants.swift */,
				51E2D20C218DE9B300F3C7EB /* Soqqle-Bridging-Header.h */,
				51E2D21D218E201F00F3C7EB /* Theme.plist */,
				51E2D223218EF23200F3C7EB /* Fonts */,
				51E2D214218DF36300F3C7EB /* Cells */,
				51E2D20D218DEC8F00F3C7EB /* Modals */,
				51E2D205218DCA7300F3C7EB /* Externals */,
				51E2D204218DCA6600F3C7EB /* Viewcontrollers */,
				51E2D1DA218DCA5C00F3C7EB /* Main.storyboard */,
				51E2D1DD218DCA5E00F3C7EB /* Assets.xcassets */,
				51E2D1DF218DCA5E00F3C7EB /* LaunchScreen.storyboard */,
				51E2D1E2218DCA5E00F3C7EB /* Info.plist */,
			);
			path = Soqqle;
			sourceTree = "<group>";
		};
		51E2D1EA218DCA5F00F3C7EB /* SoqqleTests */ = {
			isa = PBXGroup;
			children = (
				51E2D1EB218DCA5F00F3C7EB /* SoqqleTests.swift */,
				51E2D1ED218DCA5F00F3C7EB /* Info.plist */,
			);
			path = SoqqleTests;
			sourceTree = "<group>";
		};
		51E2D1F5218DCA5F00F3C7EB /* SoqqleUITests */ = {
			isa = PBXGroup;
			children = (
				51E2D1F6218DCA5F00F3C7EB /* SoqqleUITests.swift */,
				51E2D1F8218DCA5F00F3C7EB /* Info.plist */,
			);
			path = SoqqleUITests;
			sourceTree = "<group>";
		};
		51E2D204218DCA6600F3C7EB /* Viewcontrollers */ = {
			isa = PBXGroup;
			children = (
				51E2D1D8218DCA5C00F3C7EB /* ViewController.swift */,
				51E2D217218DF38D00F3C7EB /* DashBoardVC.swift */,
				51E2D219218DF39A00F3C7EB /* LoginVC.swift */,
				51E2D21B218DF3C600F3C7EB /* TabBarVC.swift */,
			);
			path = Viewcontrollers;
			sourceTree = "<group>";
		};
		51E2D205218DCA7300F3C7EB /* Externals */ = {
			isa = PBXGroup;
			children = (
				51E2D206218DE96700F3C7EB /* iCarousel */,
				51BF5A2B218F1873008E16E1 /* Soqqle+Extensions.swift */,
			);
			path = Externals;
			sourceTree = "<group>";
		};
		51E2D206218DE96700F3C7EB /* iCarousel */ = {
			isa = PBXGroup;
			children = (
				51E2D207218DE96700F3C7EB /* iCarousel.m */,
				51E2D208218DE96700F3C7EB /* iCarousel.h */,
			);
			path = iCarousel;
			sourceTree = "<group>";
		};
		51E2D20D218DEC8F00F3C7EB /* Modals */ = {
			isa = PBXGroup;
			children = (
				51E2D210218DEEF600F3C7EB /* CarouselModalVW.swift */,
				51E2D212218DEF0000F3C7EB /* CarouselModalVW.xib */,
				51E2D21F218E28F300F3C7EB /* AppTheme.swift */,
			);
			path = Modals;
			sourceTree = "<group>";
		};
		51E2D214218DF36300F3C7EB /* Cells */ = {
			isa = PBXGroup;
			children = (
				51E2D215218DF37900F3C7EB /* TCellChooseHero.swift */,
			);
			path = Cells;
			sourceTree = "<group>";
		};
		51E2D223218EF23200F3C7EB /* Fonts */ = {
			isa = PBXGroup;
			children = (
				51E2D238218EF2CA00F3C7EB /* Unique.ttf */,
				51E2D228218EF24200F3C7EB /* OpenSans-Bold.ttf */,
				51E2D227218EF24200F3C7EB /* OpenSans-BoldItalic.ttf */,
				51E2D226218EF24200F3C7EB /* OpenSans-ExtraBold.ttf */,
				51E2D22B218EF24400F3C7EB /* OpenSans-ExtraBoldItalic.ttf */,
				51E2D22C218EF24400F3C7EB /* OpenSans-Italic.ttf */,
				51E2D22D218EF24500F3C7EB /* OpenSans-Light.ttf */,
				51E2D229218EF24300F3C7EB /* OpenSans-LightItalic.ttf */,
				51E2D225218EF24100F3C7EB /* OpenSans-Regular.ttf */,
				51E2D22A218EF24300F3C7EB /* OpenSans-Semibold.ttf */,
				51E2D224218EF24100F3C7EB /* OpenSans-SemiboldItalic.ttf */,
			);
			path = Fonts;
			sourceTree = "<group>";
		};
/* End PBXGroup section */

/* Begin PBXNativeTarget section */
		51E2D1D2218DCA5C00F3C7EB /* Soqqle */ = {
			isa = PBXNativeTarget;
			buildConfigurationList = 51E2D1FB218DCA5F00F3C7EB /* Build configuration list for PBXNativeTarget "Soqqle" */;
			buildPhases = (
				51E2D1CF218DCA5C00F3C7EB /* Sources */,
				51E2D1D0218DCA5C00F3C7EB /* Frameworks */,
				51E2D1D1218DCA5C00F3C7EB /* Resources */,
			);
			buildRules = (
			);
			dependencies = (
			);
			name = Soqqle;
			productName = Soqqle;
			productReference = 51E2D1D3218DCA5C00F3C7EB /* Soqqle.app */;
			productType = "com.apple.product-type.application";
		};
		51E2D1E6218DCA5F00F3C7EB /* SoqqleTests */ = {
			isa = PBXNativeTarget;
			buildConfigurationList = 51E2D1FE218DCA5F00F3C7EB /* Build configuration list for PBXNativeTarget "SoqqleTests" */;
			buildPhases = (
				51E2D1E3218DCA5F00F3C7EB /* Sources */,
				51E2D1E4218DCA5F00F3C7EB /* Frameworks */,
				51E2D1E5218DCA5F00F3C7EB /* Resources */,
			);
			buildRules = (
			);
			dependencies = (
				51E2D1E9218DCA5F00F3C7EB /* PBXTargetDependency */,
			);
			name = SoqqleTests;
			productName = SoqqleTests;
			productReference = 51E2D1E7218DCA5F00F3C7EB /* SoqqleTests.xctest */;
			productType = "com.apple.product-type.bundle.unit-test";
		};
		51E2D1F1218DCA5F00F3C7EB /* SoqqleUITests */ = {
			isa = PBXNativeTarget;
			buildConfigurationList = 51E2D201218DCA5F00F3C7EB /* Build configuration list for PBXNativeTarget "SoqqleUITests" */;
			buildPhases = (
				51E2D1EE218DCA5F00F3C7EB /* Sources */,
				51E2D1EF218DCA5F00F3C7EB /* Frameworks */,
				51E2D1F0218DCA5F00F3C7EB /* Resources */,
			);
			buildRules = (
			);
			dependencies = (
				51E2D1F4218DCA5F00F3C7EB /* PBXTargetDependency */,
			);
			name = SoqqleUITests;
			productName = SoqqleUITests;
			productReference = 51E2D1F2218DCA5F00F3C7EB /* SoqqleUITests.xctest */;
			productType = "com.apple.product-type.bundle.ui-testing";
		};
/* End PBXNativeTarget section */

/* Begin PBXProject section */
		51E2D1CB218DCA5C00F3C7EB /* Project object */ = {
			isa = PBXProject;
			attributes = {
				LastSwiftUpdateCheck = 1000;
				LastUpgradeCheck = 1000;
				ORGANIZATIONNAME = saro;
				TargetAttributes = {
					51E2D1D2218DCA5C00F3C7EB = {
						CreatedOnToolsVersion = 10.0;
					};
					51E2D1E6218DCA5F00F3C7EB = {
						CreatedOnToolsVersion = 10.0;
						TestTargetID = 51E2D1D2218DCA5C00F3C7EB;
					};
					51E2D1F1218DCA5F00F3C7EB = {
						CreatedOnToolsVersion = 10.0;
						TestTargetID = 51E2D1D2218DCA5C00F3C7EB;
					};
				};
			};
			buildConfigurationList = 51E2D1CE218DCA5C00F3C7EB /* Build configuration list for PBXProject "Soqqle" */;
			compatibilityVersion = "Xcode 9.3";
			developmentRegion = en;
			hasScannedForEncodings = 0;
			knownRegions = (
				en,
				Base,
			);
			mainGroup = 51E2D1CA218DCA5C00F3C7EB;
			productRefGroup = 51E2D1D4218DCA5C00F3C7EB /* Products */;
			projectDirPath = "";
			projectRoot = "";
			targets = (
				51E2D1D2218DCA5C00F3C7EB /* Soqqle */,
				51E2D1E6218DCA5F00F3C7EB /* SoqqleTests */,
				51E2D1F1218DCA5F00F3C7EB /* SoqqleUITests */,
			);
		};
/* End PBXProject section */

/* Begin PBXResourcesBuildPhase section */
		51E2D1D1218DCA5C00F3C7EB /* Resources */ = {
			isa = PBXResourcesBuildPhase;
			buildActionMask = 2147483647;
			files = (
				51E2D234218EF24600F3C7EB /* OpenSans-Semibold.ttf in Resources */,
				51E2D213218DEF0000F3C7EB /* CarouselModalVW.xib in Resources */,
				51E2D1E1218DCA5E00F3C7EB /* LaunchScreen.storyboard in Resources */,
				51E2D237218EF24600F3C7EB /* OpenSans-Light.ttf in Resources */,
				51E2D21E218E201F00F3C7EB /* Theme.plist in Resources */,
				51E2D230218EF24600F3C7EB /* OpenSans-ExtraBold.ttf in Resources */,
				51E2D22F218EF24600F3C7EB /* OpenSans-Regular.ttf in Resources */,
				51E2D233218EF24600F3C7EB /* OpenSans-LightItalic.ttf in Resources */,
				51E2D1DE218DCA5E00F3C7EB /* Assets.xcassets in Resources */,
				51E2D231218EF24600F3C7EB /* OpenSans-BoldItalic.ttf in Resources */,
				51E2D235218EF24600F3C7EB /* OpenSans-ExtraBoldItalic.ttf in Resources */,
				51E2D22E218EF24600F3C7EB /* OpenSans-SemiboldItalic.ttf in Resources */,
				51E2D232218EF24600F3C7EB /* OpenSans-Bold.ttf in Resources */,
				51E2D239218EF2CA00F3C7EB /* Unique.ttf in Resources */,
				51E2D1DC218DCA5C00F3C7EB /* Main.storyboard in Resources */,
				51E2D236218EF24600F3C7EB /* OpenSans-Italic.ttf in Resources */,
			);
			runOnlyForDeploymentPostprocessing = 0;
		};
		51E2D1E5218DCA5F00F3C7EB /* Resources */ = {
			isa = PBXResourcesBuildPhase;
			buildActionMask = 2147483647;
			files = (
			);
			runOnlyForDeploymentPostprocessing = 0;
		};
		51E2D1F0218DCA5F00F3C7EB /* Resources */ = {
			isa = PBXResourcesBuildPhase;
			buildActionMask = 2147483647;
			files = (
			);
			runOnlyForDeploymentPostprocessing = 0;
		};
/* End PBXResourcesBuildPhase section */

/* Begin PBXSourcesBuildPhase section */
		51E2D1CF218DCA5C00F3C7EB /* Sources */ = {
			isa = PBXSourcesBuildPhase;
			buildActionMask = 2147483647;
			files = (
				51E2D211218DEEF600F3C7EB /* CarouselModalVW.swift in Sources */,
				51E2D209218DE96700F3C7EB /* iCarousel.m in Sources */,
				51E2D21A218DF39A00F3C7EB /* LoginVC.swift in Sources */,
				51E2D220218E28F300F3C7EB /* AppTheme.swift in Sources */,
				51E2D1D9218DCA5C00F3C7EB /* ViewController.swift in Sources */,
				51E2D222218E29BF00F3C7EB /* Constants.swift in Sources */,
				51E2D216218DF37900F3C7EB /* TCellChooseHero.swift in Sources */,
				51E2D1D7218DCA5C00F3C7EB /* AppDelegate.swift in Sources */,
				51E2D21C218DF3C600F3C7EB /* TabBarVC.swift in Sources */,
				51BF5A2C218F1873008E16E1 /* Soqqle+Extensions.swift in Sources */,
				51E2D218218DF38D00F3C7EB /* DashBoardVC.swift in Sources */,
			);
			runOnlyForDeploymentPostprocessing = 0;
		};
		51E2D1E3218DCA5F00F3C7EB /* Sources */ = {
			isa = PBXSourcesBuildPhase;
			buildActionMask = 2147483647;
			files = (
				51E2D1EC218DCA5F00F3C7EB /* SoqqleTests.swift in Sources */,
			);
			runOnlyForDeploymentPostprocessing = 0;
		};
		51E2D1EE218DCA5F00F3C7EB /* Sources */ = {
			isa = PBXSourcesBuildPhase;
			buildActionMask = 2147483647;
			files = (
				51E2D1F7218DCA5F00F3C7EB /* SoqqleUITests.swift in Sources */,
			);
			runOnlyForDeploymentPostprocessing = 0;
		};
/* End PBXSourcesBuildPhase section */

/* Begin PBXTargetDependency section */
		51E2D1E9218DCA5F00F3C7EB /* PBXTargetDependency */ = {
			isa = PBXTargetDependency;
			target = 51E2D1D2218DCA5C00F3C7EB /* Soqqle */;
			targetProxy = 51E2D1E8218DCA5F00F3C7EB /* PBXContainerItemProxy */;
		};
		51E2D1F4218DCA5F00F3C7EB /* PBXTargetDependency */ = {
			isa = PBXTargetDependency;
			target = 51E2D1D2218DCA5C00F3C7EB /* Soqqle */;
			targetProxy = 51E2D1F3218DCA5F00F3C7EB /* PBXContainerItemProxy */;
		};
/* End PBXTargetDependency section */

/* Begin PBXVariantGroup section */
		51E2D1DA218DCA5C00F3C7EB /* Main.storyboard */ = {
			isa = PBXVariantGroup;
			children = (
				51E2D1DB218DCA5C00F3C7EB /* Base */,
			);
			name = Main.storyboard;
			sourceTree = "<group>";
		};
		51E2D1DF218DCA5E00F3C7EB /* LaunchScreen.storyboard */ = {
			isa = PBXVariantGroup;
			children = (
				51E2D1E0218DCA5E00F3C7EB /* Base */,
			);
			name = LaunchScreen.storyboard;
			sourceTree = "<group>";
		};
/* End PBXVariantGroup section */

/* Begin XCBuildConfiguration section */
		51E2D1F9218DCA5F00F3C7EB /* Debug */ = {
			isa = XCBuildConfiguration;
			buildSettings = {
				ALWAYS_SEARCH_USER_PATHS = NO;
				CLANG_ANALYZER_NONNULL = YES;
				CLANG_ANALYZER_NUMBER_OBJECT_CONVERSION = YES_AGGRESSIVE;
				CLANG_CXX_LANGUAGE_STANDARD = "gnu++14";
				CLANG_CXX_LIBRARY = "libc++";
				CLANG_ENABLE_MODULES = YES;
				CLANG_ENABLE_OBJC_ARC = YES;
				CLANG_ENABLE_OBJC_WEAK = YES;
				CLANG_WARN_BLOCK_CAPTURE_AUTORELEASING = YES;
				CLANG_WARN_BOOL_CONVERSION = YES;
				CLANG_WARN_COMMA = YES;
				CLANG_WARN_CONSTANT_CONVERSION = YES;
				CLANG_WARN_DEPRECATED_OBJC_IMPLEMENTATIONS = YES;
				CLANG_WARN_DIRECT_OBJC_ISA_USAGE = YES_ERROR;
				CLANG_WARN_DOCUMENTATION_COMMENTS = YES;
				CLANG_WARN_EMPTY_BODY = YES;
				CLANG_WARN_ENUM_CONVERSION = YES;
				CLANG_WARN_INFINITE_RECURSION = YES;
				CLANG_WARN_INT_CONVERSION = YES;
				CLANG_WARN_NON_LITERAL_NULL_CONVERSION = YES;
				CLANG_WARN_OBJC_IMPLICIT_RETAIN_SELF = YES;
				CLANG_WARN_OBJC_LITERAL_CONVERSION = YES;
				CLANG_WARN_OBJC_ROOT_CLASS = YES_ERROR;
				CLANG_WARN_RANGE_LOOP_ANALYSIS = YES;
				CLANG_WARN_STRICT_PROTOTYPES = YES;
				CLANG_WARN_SUSPICIOUS_MOVE = YES;
				CLANG_WARN_UNGUARDED_AVAILABILITY = YES_AGGRESSIVE;
				CLANG_WARN_UNREACHABLE_CODE = YES;
				CLANG_WARN__DUPLICATE_METHOD_MATCH = YES;
				CODE_SIGN_IDENTITY = "iPhone Developer";
				COPY_PHASE_STRIP = NO;
				DEBUG_INFORMATION_FORMAT = dwarf;
				ENABLE_STRICT_OBJC_MSGSEND = YES;
				ENABLE_TESTABILITY = YES;
				GCC_C_LANGUAGE_STANDARD = gnu11;
				GCC_DYNAMIC_NO_PIC = NO;
				GCC_NO_COMMON_BLOCKS = YES;
				GCC_OPTIMIZATION_LEVEL = 0;
				GCC_PREPROCESSOR_DEFINITIONS = (
					"DEBUG=1",
					"$(inherited)",
				);
				GCC_WARN_64_TO_32_BIT_CONVERSION = YES;
				GCC_WARN_ABOUT_RETURN_TYPE = YES_ERROR;
				GCC_WARN_UNDECLARED_SELECTOR = YES;
				GCC_WARN_UNINITIALIZED_AUTOS = YES_AGGRESSIVE;
				GCC_WARN_UNUSED_FUNCTION = YES;
				GCC_WARN_UNUSED_VARIABLE = YES;
				IPHONEOS_DEPLOYMENT_TARGET = 12.0;
				MTL_ENABLE_DEBUG_INFO = INCLUDE_SOURCE;
				MTL_FAST_MATH = YES;
				ONLY_ACTIVE_ARCH = YES;
				SDKROOT = iphoneos;
				SWIFT_ACTIVE_COMPILATION_CONDITIONS = DEBUG;
				SWIFT_OPTIMIZATION_LEVEL = "-Onone";
			};
			name = Debug;
		};
		51E2D1FA218DCA5F00F3C7EB /* Release */ = {
			isa = XCBuildConfiguration;
			buildSettings = {
				ALWAYS_SEARCH_USER_PATHS = NO;
				CLANG_ANALYZER_NONNULL = YES;
				CLANG_ANALYZER_NUMBER_OBJECT_CONVERSION = YES_AGGRESSIVE;
				CLANG_CXX_LANGUAGE_STANDARD = "gnu++14";
				CLANG_CXX_LIBRARY = "libc++";
				CLANG_ENABLE_MODULES = YES;
				CLANG_ENABLE_OBJC_ARC = YES;
				CLANG_ENABLE_OBJC_WEAK = YES;
				CLANG_WARN_BLOCK_CAPTURE_AUTORELEASING = YES;
				CLANG_WARN_BOOL_CONVERSION = YES;
				CLANG_WARN_COMMA = YES;
				CLANG_WARN_CONSTANT_CONVERSION = YES;
				CLANG_WARN_DEPRECATED_OBJC_IMPLEMENTATIONS = YES;
				CLANG_WARN_DIRECT_OBJC_ISA_USAGE = YES_ERROR;
				CLANG_WARN_DOCUMENTATION_COMMENTS = YES;
				CLANG_WARN_EMPTY_BODY = YES;
				CLANG_WARN_ENUM_CONVERSION = YES;
				CLANG_WARN_INFINITE_RECURSION = YES;
				CLANG_WARN_INT_CONVERSION = YES;
				CLANG_WARN_NON_LITERAL_NULL_CONVERSION = YES;
				CLANG_WARN_OBJC_IMPLICIT_RETAIN_SELF = YES;
				CLANG_WARN_OBJC_LITERAL_CONVERSION = YES;
				CLANG_WARN_OBJC_ROOT_CLASS = YES_ERROR;
				CLANG_WARN_RANGE_LOOP_ANALYSIS = YES;
				CLANG_WARN_STRICT_PROTOTYPES = YES;
				CLANG_WARN_SUSPICIOUS_MOVE = YES;
				CLANG_WARN_UNGUARDED_AVAILABILITY = YES_AGGRESSIVE;
				CLANG_WARN_UNREACHABLE_CODE = YES;
				CLANG_WARN__DUPLICATE_METHOD_MATCH = YES;
				CODE_SIGN_IDENTITY = "iPhone Developer";
				COPY_PHASE_STRIP = NO;
				DEBUG_INFORMATION_FORMAT = "dwarf-with-dsym";
				ENABLE_NS_ASSERTIONS = NO;
				ENABLE_STRICT_OBJC_MSGSEND = YES;
				GCC_C_LANGUAGE_STANDARD = gnu11;
				GCC_NO_COMMON_BLOCKS = YES;
				GCC_WARN_64_TO_32_BIT_CONVERSION = YES;
				GCC_WARN_ABOUT_RETURN_TYPE = YES_ERROR;
				GCC_WARN_UNDECLARED_SELECTOR = YES;
				GCC_WARN_UNINITIALIZED_AUTOS = YES_AGGRESSIVE;
				GCC_WARN_UNUSED_FUNCTION = YES;
				GCC_WARN_UNUSED_VARIABLE = YES;
				IPHONEOS_DEPLOYMENT_TARGET = 12.0;
				MTL_ENABLE_DEBUG_INFO = NO;
				MTL_FAST_MATH = YES;
				SDKROOT = iphoneos;
				SWIFT_COMPILATION_MODE = wholemodule;
				SWIFT_OPTIMIZATION_LEVEL = "-O";
				VALIDATE_PRODUCT = YES;
			};
			name = Release;
		};
		51E2D1FC218DCA5F00F3C7EB /* Debug */ = {
			isa = XCBuildConfiguration;
			buildSettings = {
				ASSETCATALOG_COMPILER_APPICON_NAME = AppIcon;
				CODE_SIGN_STYLE = Automatic;
				INFOPLIST_FILE = Soqqle/Info.plist;
				LD_RUNPATH_SEARCH_PATHS = (
					"$(inherited)",
					"@executable_path/Frameworks",
				);
				PRODUCT_BUNDLE_IDENTIFIER = com.Soqqle;
				PRODUCT_NAME = "$(TARGET_NAME)";
				SWIFT_OBJC_BRIDGING_HEADER = "Soqqle/Soqqle-Bridging-Header.h";
				SWIFT_VERSION = 4.2;
				TARGETED_DEVICE_FAMILY = "1,2";
			};
			name = Debug;
		};
		51E2D1FD218DCA5F00F3C7EB /* Release */ = {
			isa = XCBuildConfiguration;
			buildSettings = {
				ASSETCATALOG_COMPILER_APPICON_NAME = AppIcon;
				CODE_SIGN_STYLE = Automatic;
				INFOPLIST_FILE = Soqqle/Info.plist;
				LD_RUNPATH_SEARCH_PATHS = (
					"$(inherited)",
					"@executable_path/Frameworks",
				);
				PRODUCT_BUNDLE_IDENTIFIER = com.Soqqle;
				PRODUCT_NAME = "$(TARGET_NAME)";
				SWIFT_OBJC_BRIDGING_HEADER = "Soqqle/Soqqle-Bridging-Header.h";
				SWIFT_VERSION = 4.2;
				TARGETED_DEVICE_FAMILY = "1,2";
			};
			name = Release;
		};
		51E2D1FF218DCA5F00F3C7EB /* Debug */ = {
			isa = XCBuildConfiguration;
			buildSettings = {
				ALWAYS_EMBED_SWIFT_STANDARD_LIBRARIES = YES;
				BUNDLE_LOADER = "$(TEST_HOST)";
				CODE_SIGN_STYLE = Automatic;
				INFOPLIST_FILE = SoqqleTests/Info.plist;
				LD_RUNPATH_SEARCH_PATHS = (
					"$(inherited)",
					"@executable_path/Frameworks",
					"@loader_path/Frameworks",
				);
				PRODUCT_BUNDLE_IDENTIFIER = com.SoqqleTests;
				PRODUCT_NAME = "$(TARGET_NAME)";
				SWIFT_VERSION = 4.2;
				TARGETED_DEVICE_FAMILY = "1,2";
				TEST_HOST = "$(BUILT_PRODUCTS_DIR)/Soqqle.app/Soqqle";
			};
			name = Debug;
		};
		51E2D200218DCA5F00F3C7EB /* Release */ = {
			isa = XCBuildConfiguration;
			buildSettings = {
				ALWAYS_EMBED_SWIFT_STANDARD_LIBRARIES = YES;
				BUNDLE_LOADER = "$(TEST_HOST)";
				CODE_SIGN_STYLE = Automatic;
				INFOPLIST_FILE = SoqqleTests/Info.plist;
				LD_RUNPATH_SEARCH_PATHS = (
					"$(inherited)",
					"@executable_path/Frameworks",
					"@loader_path/Frameworks",
				);
				PRODUCT_BUNDLE_IDENTIFIER = com.SoqqleTests;
				PRODUCT_NAME = "$(TARGET_NAME)";
				SWIFT_VERSION = 4.2;
				TARGETED_DEVICE_FAMILY = "1,2";
				TEST_HOST = "$(BUILT_PRODUCTS_DIR)/Soqqle.app/Soqqle";
			};
			name = Release;
		};
		51E2D202218DCA5F00F3C7EB /* Debug */ = {
			isa = XCBuildConfiguration;
			buildSettings = {
				ALWAYS_EMBED_SWIFT_STANDARD_LIBRARIES = YES;
				CODE_SIGN_STYLE = Automatic;
				INFOPLIST_FILE = SoqqleUITests/Info.plist;
				LD_RUNPATH_SEARCH_PATHS = (
					"$(inherited)",
					"@executable_path/Frameworks",
					"@loader_path/Frameworks",
				);
				PRODUCT_BUNDLE_IDENTIFIER = com.SoqqleUITests;
				PRODUCT_NAME = "$(TARGET_NAME)";
				SWIFT_VERSION = 4.2;
				TARGETED_DEVICE_FAMILY = "1,2";
				TEST_TARGET_NAME = Soqqle;
			};
			name = Debug;
		};
		51E2D203218DCA5F00F3C7EB /* Release */ = {
			isa = XCBuildConfiguration;
			buildSettings = {
				ALWAYS_EMBED_SWIFT_STANDARD_LIBRARIES = YES;
				CODE_SIGN_STYLE = Automatic;
				INFOPLIST_FILE = SoqqleUITests/Info.plist;
				LD_RUNPATH_SEARCH_PATHS = (
					"$(inherited)",
					"@executable_path/Frameworks",
					"@loader_path/Frameworks",
				);
				PRODUCT_BUNDLE_IDENTIFIER = com.SoqqleUITests;
				PRODUCT_NAME = "$(TARGET_NAME)";
				SWIFT_VERSION = 4.2;
				TARGETED_DEVICE_FAMILY = "1,2";
				TEST_TARGET_NAME = Soqqle;
			};
			name = Release;
		};
/* End XCBuildConfiguration section */

/* Begin XCConfigurationList section */
		51E2D1CE218DCA5C00F3C7EB /* Build configuration list for PBXProject "Soqqle" */ = {
			isa = XCConfigurationList;
			buildConfigurations = (
				51E2D1F9218DCA5F00F3C7EB /* Debug */,
				51E2D1FA218DCA5F00F3C7EB /* Release */,
			);
			defaultConfigurationIsVisible = 0;
			defaultConfigurationName = Release;
		};
		51E2D1FB218DCA5F00F3C7EB /* Build configuration list for PBXNativeTarget "Soqqle" */ = {
			isa = XCConfigurationList;
			buildConfigurations = (
				51E2D1FC218DCA5F00F3C7EB /* Debug */,
				51E2D1FD218DCA5F00F3C7EB /* Release */,
			);
			defaultConfigurationIsVisible = 0;
			defaultConfigurationName = Release;
		};
		51E2D1FE218DCA5F00F3C7EB /* Build configuration list for PBXNativeTarget "SoqqleTests" */ = {
			isa = XCConfigurationList;
			buildConfigurations = (
				51E2D1FF218DCA5F00F3C7EB /* Debug */,
				51E2D200218DCA5F00F3C7EB /* Release */,
			);
			defaultConfigurationIsVisible = 0;
			defaultConfigurationName = Release;
		};
		51E2D201218DCA5F00F3C7EB /* Build configuration list for PBXNativeTarget "SoqqleUITests" */ = {
			isa = XCConfigurationList;
			buildConfigurations = (
				51E2D202218DCA5F00F3C7EB /* Debug */,
				51E2D203218DCA5F00F3C7EB /* Release */,
			);
			defaultConfigurationIsVisible = 0;
			defaultConfigurationName = Release;
		};
/* End XCConfigurationList section */
	};
	rootObject = 51E2D1CB218DCA5C00F3C7EB /* Project object */;
}
